
Microsoft Visual Studio Solution File, Format Version 12.00
# Visual Studio Version 17
VisualStudioVersion = 17.7.34031.279
MinimumVisualStudioVersion = 10.0.40219.1
Project("{9A19103F-16F7-4668-BE54-9A1E7A4F7556}") = "Project.Demo.Web", "UnitTestMoq\Project.Demo.Web.csproj", "{CE8A4EC1-61A3-4385-8C24-2DC190C5BF69}"
EndProject
Project("{9A19103F-16F7-4668-BE54-9A1E7A4F7556}") = "xUnitTestMoq", "xUnitTest\xUnitTestMoq.csproj", "{A021EACB-0CE4-40F6-8F78-138DC27441BB}"
EndProject
Global
	GlobalSection(SolutionConfigurationPlatforms) = preSolution
		Debug|Any CPU = Debug|Any CPU
		Release|Any CPU = Release|Any CPU
	EndGlobalSection
	GlobalSection(ProjectConfigurationPlatforms) = postSolution
		{CE8A4EC1-61A3-4385-8C24-2DC190C5BF69}.Debug|Any CPU.ActiveCfg = Debug|Any CPU
		{CE8A4EC1-61A3-4385-8C24-2DC190C5BF69}.Debug|Any CPU.Build.0 = Debug|Any CPU
		{CE8A4EC1-61A3-4385-8C24-2DC190C5BF69}.Release|Any CPU.ActiveCfg = Release|Any CPU
		{CE8A4EC1-61A3-4385-8C24-2DC190C5BF69}.Release|Any CPU.Build.0 = Release|Any CPU
		{A021EACB-0CE4-40F6-8F78-138DC27441BB}.Debug|Any CPU.ActiveCfg = Debug|Any CPU
		{A021EACB-0CE4-40F6-8F78-138DC27441BB}.Debug|Any CPU.Build.0 = Debug|Any CPU
		{A021EACB-0CE4-40F6-8F78-138DC27441BB}.Release|Any CPU.ActiveCfg = Release|Any CPU
		{A021EACB-0CE4-40F6-8F78-138DC27441BB}.Release|Any CPU.Build.0 = Release|Any CPU
	EndGlobalSection
	GlobalSection(SolutionProperties) = preSolution
		HideSolutionNode = FALSE
	EndGlobalSection
	GlobalSection(ExtensibilityGlobals) = postSolution
		SolutionGuid = {C9A7AB73-A3F2-462A-B312-6BD899699AAB}
	EndGlobalSection
EndGlobal
